// !$*UTF8*$!
{
	archiveVersion = 1;
	classes = {
	};
	objectVersion = 50;
	objects = {

/* Begin PBXBuildFile section */
		30FDC4182246696C00DC8A31 /* ConfigView.swift in Sources */ = {isa = PBXBuildFile; fileRef = 30FDC4172246696C00DC8A31 /* ConfigView.swift */; };
		30FDC41A224669B300DC8A31 /* Config.swift in Sources */ = {isa = PBXBuildFile; fileRef = 30FDC419224669B300DC8A31 /* Config.swift */; };
		87023BFA2240C98C004700A9 /* AppDelegate.swift in Sources */ = {isa = PBXBuildFile; fileRef = 87023BF92240C98C004700A9 /* AppDelegate.swift */; };
		87023BFC2240C98C004700A9 /* ViewController.swift in Sources */ = {isa = PBXBuildFile; fileRef = 87023BFB2240C98C004700A9 /* ViewController.swift */; };
		87023BFF2240C98C004700A9 /* Main.storyboard in Resources */ = {isa = PBXBuildFile; fileRef = 87023BFD2240C98C004700A9 /* Main.storyboard */; };
		87023C012240C98D004700A9 /* Assets.xcassets in Resources */ = {isa = PBXBuildFile; fileRef = 87023C002240C98D004700A9 /* Assets.xcassets */; };
		87023C042240C98D004700A9 /* LaunchScreen.storyboard in Resources */ = {isa = PBXBuildFile; fileRef = 87023C022240C98D004700A9 /* LaunchScreen.storyboard */; };
		87023C0D2240FA64004700A9 /* StringExtension.swift in Sources */ = {isa = PBXBuildFile; fileRef = 87023C0C2240FA64004700A9 /* StringExtension.swift */; };
		87194407226856130083AF12 /* AdmobTool.swift in Sources */ = {isa = PBXBuildFile; fileRef = 87194404226856130083AF12 /* AdmobTool.swift */; };
		8719441222687C5D0083AF12 /* XGPushTool.swift in Sources */ = {isa = PBXBuildFile; fileRef = 8719441122687C5D0083AF12 /* XGPushTool.swift */; };
		8719441F226884050083AF12 /* UserNotifications.framework in Frameworks */ = {isa = PBXBuildFile; fileRef = 8719441C226884050083AF12 /* UserNotifications.framework */; };
		871944212268840B0083AF12 /* UserNotificationsUI.framework in Frameworks */ = {isa = PBXBuildFile; fileRef = 871944202268840B0083AF12 /* UserNotificationsUI.framework */; };
		871B719B2249FD8900479E2A /* ConstraintMultiplierTarget.swift in Sources */ = {isa = PBXBuildFile; fileRef = 871B716E2249FD8800479E2A /* ConstraintMultiplierTarget.swift */; };
		871B719C2249FD8900479E2A /* LayoutConstraintItem.swift in Sources */ = {isa = PBXBuildFile; fileRef = 871B716F2249FD8800479E2A /* LayoutConstraintItem.swift */; };
		871B719D2249FD8900479E2A /* ConstraintDescription.swift in Sources */ = {isa = PBXBuildFile; fileRef = 871B71702249FD8800479E2A /* ConstraintDescription.swift */; };
		871B719E2249FD8900479E2A /* ConstraintMakerPriortizable.swift in Sources */ = {isa = PBXBuildFile; fileRef = 871B71712249FD8800479E2A /* ConstraintMakerPriortizable.swift */; };
		871B719F2249FD8900479E2A /* ConstraintAttributes.swift in Sources */ = {isa = PBXBuildFile; fileRef = 871B71722249FD8800479E2A /* ConstraintAttributes.swift */; };
		871B71A02249FD8900479E2A /* ConstraintViewDSL.swift in Sources */ = {isa = PBXBuildFile; fileRef = 871B71732249FD8800479E2A /* ConstraintViewDSL.swift */; };
		871B71A12249FD8900479E2A /* ConstraintPriorityTarget.swift in Sources */ = {isa = PBXBuildFile; fileRef = 871B71742249FD8800479E2A /* ConstraintPriorityTarget.swift */; };
		871B71A22249FD8900479E2A /* ConstraintInsets.swift in Sources */ = {isa = PBXBuildFile; fileRef = 871B71752249FD8800479E2A /* ConstraintInsets.swift */; };
		871B71A32249FD8900479E2A /* ConstraintMakerFinalizable.swift in Sources */ = {isa = PBXBuildFile; fileRef = 871B71762249FD8800479E2A /* ConstraintMakerFinalizable.swift */; };
		871B71A42249FD8900479E2A /* ConstraintDSL.swift in Sources */ = {isa = PBXBuildFile; fileRef = 871B71772249FD8800479E2A /* ConstraintDSL.swift */; };
		871B71A52249FD8900479E2A /* ConstraintMakerExtendable.swift in Sources */ = {isa = PBXBuildFile; fileRef = 871B71782249FD8800479E2A /* ConstraintMakerExtendable.swift */; };
		871B71A62249FD8900479E2A /* ConstraintPriority.swift in Sources */ = {isa = PBXBuildFile; fileRef = 871B71792249FD8800479E2A /* ConstraintPriority.swift */; };
		871B71A72249FD8900479E2A /* ConstraintInsetTarget.swift in Sources */ = {isa = PBXBuildFile; fileRef = 871B717A2249FD8800479E2A /* ConstraintInsetTarget.swift */; };
		871B71A82249FD8900479E2A /* ConstraintConfig.swift in Sources */ = {isa = PBXBuildFile; fileRef = 871B717C2249FD8800479E2A /* ConstraintConfig.swift */; };
		871B71A92249FD8900479E2A /* UILayoutSupport+Extensions.swift in Sources */ = {isa = PBXBuildFile; fileRef = 871B717D2249FD8800479E2A /* UILayoutSupport+Extensions.swift */; };
		871B71AA2249FD8900479E2A /* ConstraintView.swift in Sources */ = {isa = PBXBuildFile; fileRef = 871B717E2249FD8800479E2A /* ConstraintView.swift */; };
		871B71AB2249FD8900479E2A /* ConstraintLayoutGuide.swift in Sources */ = {isa = PBXBuildFile; fileRef = 871B717F2249FD8800479E2A /* ConstraintLayoutGuide.swift */; };
		871B71AC2249FD8900479E2A /* ConstraintLayoutSupport.swift in Sources */ = {isa = PBXBuildFile; fileRef = 871B71802249FD8800479E2A /* ConstraintLayoutSupport.swift */; };
		871B71AD2249FD8900479E2A /* Typealiases.swift in Sources */ = {isa = PBXBuildFile; fileRef = 871B71812249FD8800479E2A /* Typealiases.swift */; };
		871B71AE2249FD8900479E2A /* ConstraintConstantTarget.swift in Sources */ = {isa = PBXBuildFile; fileRef = 871B71822249FD8800479E2A /* ConstraintConstantTarget.swift */; };
		871B71AF2249FD8900479E2A /* ConstraintOffsetTarget.swift in Sources */ = {isa = PBXBuildFile; fileRef = 871B71832249FD8800479E2A /* ConstraintOffsetTarget.swift */; };
		871B71B02249FD8900479E2A /* ConstraintMakerEditable.swift in Sources */ = {isa = PBXBuildFile; fileRef = 871B71842249FD8800479E2A /* ConstraintMakerEditable.swift */; };
		871B71B12249FD8900479E2A /* ConstraintMaker.swift in Sources */ = {isa = PBXBuildFile; fileRef = 871B71852249FD8800479E2A /* ConstraintMaker.swift */; };
		871B71B22249FD8900479E2A /* ConstraintRelation.swift in Sources */ = {isa = PBXBuildFile; fileRef = 871B71862249FD8800479E2A /* ConstraintRelation.swift */; };
		871B71B32249FD8900479E2A /* ConstraintLayoutGuideDSL.swift in Sources */ = {isa = PBXBuildFile; fileRef = 871B71872249FD8800479E2A /* ConstraintLayoutGuideDSL.swift */; };
		871B71B42249FD8900479E2A /* ConstraintView+Extensions.swift in Sources */ = {isa = PBXBuildFile; fileRef = 871B71882249FD8800479E2A /* ConstraintView+Extensions.swift */; };
		871B71B52249FD8900479E2A /* ConstraintItem.swift in Sources */ = {isa = PBXBuildFile; fileRef = 871B71892249FD8800479E2A /* ConstraintItem.swift */; };
		871B71B62249FD8900479E2A /* Constraint.swift in Sources */ = {isa = PBXBuildFile; fileRef = 871B718A2249FD8800479E2A /* Constraint.swift */; };
		871B71B72249FD8900479E2A /* Debugging.swift in Sources */ = {isa = PBXBuildFile; fileRef = 871B718B2249FD8800479E2A /* Debugging.swift */; };
		871B71B82249FD8900479E2A /* ConstraintRelatableTarget.swift in Sources */ = {isa = PBXBuildFile; fileRef = 871B718C2249FD8800479E2A /* ConstraintRelatableTarget.swift */; };
		871B71BA2249FD8900479E2A /* LayoutConstraint.swift in Sources */ = {isa = PBXBuildFile; fileRef = 871B718E2249FD8800479E2A /* LayoutConstraint.swift */; };
		871B71BB2249FD8900479E2A /* ConstraintLayoutGuide+Extensions.swift in Sources */ = {isa = PBXBuildFile; fileRef = 871B718F2249FD8800479E2A /* ConstraintLayoutGuide+Extensions.swift */; };
		871B71BC2249FD8900479E2A /* ConstraintLayoutSupportDSL.swift in Sources */ = {isa = PBXBuildFile; fileRef = 871B71902249FD8800479E2A /* ConstraintLayoutSupportDSL.swift */; };
		871B71BD2249FD8900479E2A /* ConstraintMakerRelatable.swift in Sources */ = {isa = PBXBuildFile; fileRef = 871B71912249FD8800479E2A /* ConstraintMakerRelatable.swift */; };
		877821A4226F2ED400CC48E9 /* StoreTool.swift in Sources */ = {isa = PBXBuildFile; fileRef = 877821A3226F2ED400CC48E9 /* StoreTool.swift */; };
		87C3614E225F27C9000570AF /* 嚒嚒爱情相随.ttf in Resources */ = {isa = PBXBuildFile; fileRef = 87C3614B225F27C9000570AF /* 嚒嚒爱情相随.ttf */; };
		87C36159225F2DD7000570AF /* PangMenZhengDaoCuShuTi-2.ttf in Resources */ = {isa = PBXBuildFile; fileRef = 87C36156225F2DD7000570AF /* PangMenZhengDaoCuShuTi-2.ttf */; };
		87C3615D225F31F9000570AF /* CycleScrollView.swift in Sources */ = {isa = PBXBuildFile; fileRef = 87C3615C225F31F9000570AF /* CycleScrollView.swift */; };
		87F874A922646EC000ED9ED7 /* HanYiXingYuTiJian.ttf in Resources */ = {isa = PBXBuildFile; fileRef = 87F874A622646EC000ED9ED7 /* HanYiXingYuTiJian.ttf */; };
		87F874B62264714400ED9ED7 /* HYSunWanMinCaoShuF.ttf in Resources */ = {isa = PBXBuildFile; fileRef = 87F874B52264714400ED9ED7 /* HYSunWanMinCaoShuF.ttf */; };
		87F874BB226473D500ED9ED7 /* Localizable.strings in Resources */ = {isa = PBXBuildFile; fileRef = 87F874BD226473D500ED9ED7 /* Localizable.strings */; };
		87F874C4226474CF00ED9ED7 /* InfoPlist.strings in Resources */ = {isa = PBXBuildFile; fileRef = 87F874C6226474CF00ED9ED7 /* InfoPlist.strings */; };
		C98571AE85D31A9D5A56DD38 /* Pods_MyGame.framework in Frameworks */ = {isa = PBXBuildFile; fileRef = 33D2A7124E5202130DE9F7FD /* Pods_MyGame.framework */; };
/* End PBXBuildFile section */

/* Begin PBXContainerItemProxy section */
		871B71C32249FE7500479E2A /* PBXContainerItemProxy */ = {
			isa = PBXContainerItemProxy;
			containerPortal = 871B71922249FD8800479E2A /* SnapKit.xcodeproj */;
			proxyType = 2;
			remoteGlobalIDString = 871B71BF2249FE6000479E2A;
			remoteInfo = SnapKit;
		};
		871B71C52249FE7500479E2A /* PBXContainerItemProxy */ = {
			isa = PBXContainerItemProxy;
			containerPortal = 871B71922249FD8800479E2A /* SnapKit.xcodeproj */;
			proxyType = 2;
			remoteGlobalIDString = 871B71C02249FE6000479E2A;
			remoteInfo = "SnapKit Tests";
		};
/* End PBXContainerItemProxy section */

/* Begin PBXFileReference section */
		30FDC4172246696C00DC8A31 /* ConfigView.swift */ = {isa = PBXFileReference; lastKnownFileType = sourcecode.swift; path = ConfigView.swift; sourceTree = "<group>"; };
		30FDC419224669B300DC8A31 /* Config.swift */ = {isa = PBXFileReference; lastKnownFileType = sourcecode.swift; path = Config.swift; sourceTree = "<group>"; };
		33D2A7124E5202130DE9F7FD /* Pods_MyGame.framework */ = {isa = PBXFileReference; explicitFileType = wrapper.framework; includeInIndex = 0; path = Pods_MyGame.framework; sourceTree = BUILT_PRODUCTS_DIR; };
		701A75718FD286E92ACB7FED /* Pods-MyGame.debug.xcconfig */ = {isa = PBXFileReference; includeInIndex = 1; lastKnownFileType = text.xcconfig; name = "Pods-MyGame.debug.xcconfig"; path = "Target Support Files/Pods-MyGame/Pods-MyGame.debug.xcconfig"; sourceTree = "<group>"; };
		87023BF62240C98C004700A9 /* MyGame.app */ = {isa = PBXFileReference; explicitFileType = wrapper.application; includeInIndex = 0; path = MyGame.app; sourceTree = BUILT_PRODUCTS_DIR; };
		87023BF92240C98C004700A9 /* AppDelegate.swift */ = {isa = PBXFileReference; lastKnownFileType = sourcecode.swift; path = AppDelegate.swift; sourceTree = "<group>"; };
		87023BFB2240C98C004700A9 /* ViewController.swift */ = {isa = PBXFileReference; lastKnownFileType = sourcecode.swift; path = ViewController.swift; sourceTree = "<group>"; };
		87023BFE2240C98C004700A9 /* Base */ = {isa = PBXFileReference; lastKnownFileType = file.storyboard; name = Base; path = Base.lproj/Main.storyboard; sourceTree = "<group>"; };
		87023C002240C98D004700A9 /* Assets.xcassets */ = {isa = PBXFileReference; lastKnownFileType = folder.assetcatalog; path = Assets.xcassets; sourceTree = "<group>"; };
		87023C032240C98D004700A9 /* Base */ = {isa = PBXFileReference; lastKnownFileType = file.storyboard; name = Base; path = Base.lproj/LaunchScreen.storyboard; sourceTree = "<group>"; };
		87023C052240C98D004700A9 /* Info.plist */ = {isa = PBXFileReference; lastKnownFileType = text.plist.xml; path = Info.plist; sourceTree = "<group>"; };
		87023C0C2240FA64004700A9 /* StringExtension.swift */ = {isa = PBXFileReference; lastKnownFileType = sourcecode.swift; path = StringExtension.swift; sourceTree = "<group>"; };
		87194404226856130083AF12 /* AdmobTool.swift */ = {isa = PBXFileReference; fileEncoding = 4; lastKnownFileType = sourcecode.swift; path = AdmobTool.swift; sourceTree = "<group>"; };
		871944102268798A0083AF12 /* MyGame.entitlements */ = {isa = PBXFileReference; lastKnownFileType = text.plist.entitlements; path = MyGame.entitlements; sourceTree = "<group>"; };
		8719441122687C5D0083AF12 /* XGPushTool.swift */ = {isa = PBXFileReference; lastKnownFileType = sourcecode.swift; path = XGPushTool.swift; sourceTree = "<group>"; };
		8719441322687DCE0083AF12 /* MyGame-bridging-Header.h */ = {isa = PBXFileReference; lastKnownFileType = sourcecode.c.h; path = "MyGame-bridging-Header.h"; sourceTree = "<group>"; };
		8719441C226884050083AF12 /* UserNotifications.framework */ = {isa = PBXFileReference; lastKnownFileType = wrapper.framework; name = UserNotifications.framework; path = System/Library/Frameworks/UserNotifications.framework; sourceTree = SDKROOT; };
		871944202268840B0083AF12 /* UserNotificationsUI.framework */ = {isa = PBXFileReference; lastKnownFileType = wrapper.framework; name = UserNotificationsUI.framework; path = System/Library/Frameworks/UserNotificationsUI.framework; sourceTree = SDKROOT; };
		871B716E2249FD8800479E2A /* ConstraintMultiplierTarget.swift */ = {isa = PBXFileReference; fileEncoding = 4; lastKnownFileType = sourcecode.swift; path = ConstraintMultiplierTarget.swift; sourceTree = "<group>"; };
		871B716F2249FD8800479E2A /* LayoutConstraintItem.swift */ = {isa = PBXFileReference; fileEncoding = 4; lastKnownFileType = sourcecode.swift; path = LayoutConstraintItem.swift; sourceTree = "<group>"; };
		871B71702249FD8800479E2A /* ConstraintDescription.swift */ = {isa = PBXFileReference; fileEncoding = 4; lastKnownFileType = sourcecode.swift; path = ConstraintDescription.swift; sourceTree = "<group>"; };
		871B71712249FD8800479E2A /* ConstraintMakerPriortizable.swift */ = {isa = PBXFileReference; fileEncoding = 4; lastKnownFileType = sourcecode.swift; path = ConstraintMakerPriortizable.swift; sourceTree = "<group>"; };
		871B71722249FD8800479E2A /* ConstraintAttributes.swift */ = {isa = PBXFileReference; fileEncoding = 4; lastKnownFileType = sourcecode.swift; path = ConstraintAttributes.swift; sourceTree = "<group>"; };
		871B71732249FD8800479E2A /* ConstraintViewDSL.swift */ = {isa = PBXFileReference; fileEncoding = 4; lastKnownFileType = sourcecode.swift; path = ConstraintViewDSL.swift; sourceTree = "<group>"; };
		871B71742249FD8800479E2A /* ConstraintPriorityTarget.swift */ = {isa = PBXFileReference; fileEncoding = 4; lastKnownFileType = sourcecode.swift; path = ConstraintPriorityTarget.swift; sourceTree = "<group>"; };
		871B71752249FD8800479E2A /* ConstraintInsets.swift */ = {isa = PBXFileReference; fileEncoding = 4; lastKnownFileType = sourcecode.swift; path = ConstraintInsets.swift; sourceTree = "<group>"; };
		871B71762249FD8800479E2A /* ConstraintMakerFinalizable.swift */ = {isa = PBXFileReference; fileEncoding = 4; lastKnownFileType = sourcecode.swift; path = ConstraintMakerFinalizable.swift; sourceTree = "<group>"; };
		871B71772249FD8800479E2A /* ConstraintDSL.swift */ = {isa = PBXFileReference; fileEncoding = 4; lastKnownFileType = sourcecode.swift; path = ConstraintDSL.swift; sourceTree = "<group>"; };
		871B71782249FD8800479E2A /* ConstraintMakerExtendable.swift */ = {isa = PBXFileReference; fileEncoding = 4; lastKnownFileType = sourcecode.swift; path = ConstraintMakerExtendable.swift; sourceTree = "<group>"; };
		871B71792249FD8800479E2A /* ConstraintPriority.swift */ = {isa = PBXFileReference; fileEncoding = 4; lastKnownFileType = sourcecode.swift; path = ConstraintPriority.swift; sourceTree = "<group>"; };
		871B717A2249FD8800479E2A /* ConstraintInsetTarget.swift */ = {isa = PBXFileReference; fileEncoding = 4; lastKnownFileType = sourcecode.swift; path = ConstraintInsetTarget.swift; sourceTree = "<group>"; };
		871B717B2249FD8800479E2A /* SnapKit.h */ = {isa = PBXFileReference; fileEncoding = 4; lastKnownFileType = sourcecode.c.h; path = SnapKit.h; sourceTree = "<group>"; };
		871B717C2249FD8800479E2A /* ConstraintConfig.swift */ = {isa = PBXFileReference; fileEncoding = 4; lastKnownFileType = sourcecode.swift; path = ConstraintConfig.swift; sourceTree = "<group>"; };
		871B717D2249FD8800479E2A /* UILayoutSupport+Extensions.swift */ = {isa = PBXFileReference; fileEncoding = 4; lastKnownFileType = sourcecode.swift; path = "UILayoutSupport+Extensions.swift"; sourceTree = "<group>"; };
		871B717E2249FD8800479E2A /* ConstraintView.swift */ = {isa = PBXFileReference; fileEncoding = 4; lastKnownFileType = sourcecode.swift; path = ConstraintView.swift; sourceTree = "<group>"; };
		871B717F2249FD8800479E2A /* ConstraintLayoutGuide.swift */ = {isa = PBXFileReference; fileEncoding = 4; lastKnownFileType = sourcecode.swift; path = ConstraintLayoutGuide.swift; sourceTree = "<group>"; };
		871B71802249FD8800479E2A /* ConstraintLayoutSupport.swift */ = {isa = PBXFileReference; fileEncoding = 4; lastKnownFileType = sourcecode.swift; path = ConstraintLayoutSupport.swift; sourceTree = "<group>"; };
		871B71812249FD8800479E2A /* Typealiases.swift */ = {isa = PBXFileReference; fileEncoding = 4; lastKnownFileType = sourcecode.swift; path = Typealiases.swift; sourceTree = "<group>"; };
		871B71822249FD8800479E2A /* ConstraintConstantTarget.swift */ = {isa = PBXFileReference; fileEncoding = 4; lastKnownFileType = sourcecode.swift; path = ConstraintConstantTarget.swift; sourceTree = "<group>"; };
		871B71832249FD8800479E2A /* ConstraintOffsetTarget.swift */ = {isa = PBXFileReference; fileEncoding = 4; lastKnownFileType = sourcecode.swift; path = ConstraintOffsetTarget.swift; sourceTree = "<group>"; };
		871B71842249FD8800479E2A /* ConstraintMakerEditable.swift */ = {isa = PBXFileReference; fileEncoding = 4; lastKnownFileType = sourcecode.swift; path = ConstraintMakerEditable.swift; sourceTree = "<group>"; };
		871B71852249FD8800479E2A /* ConstraintMaker.swift */ = {isa = PBXFileReference; fileEncoding = 4; lastKnownFileType = sourcecode.swift; path = ConstraintMaker.swift; sourceTree = "<group>"; };
		871B71862249FD8800479E2A /* ConstraintRelation.swift */ = {isa = PBXFileReference; fileEncoding = 4; lastKnownFileType = sourcecode.swift; path = ConstraintRelation.swift; sourceTree = "<group>"; };
		871B71872249FD8800479E2A /* ConstraintLayoutGuideDSL.swift */ = {isa = PBXFileReference; fileEncoding = 4; lastKnownFileType = sourcecode.swift; path = ConstraintLayoutGuideDSL.swift; sourceTree = "<group>"; };
		871B71882249FD8800479E2A /* ConstraintView+Extensions.swift */ = {isa = PBXFileReference; fileEncoding = 4; lastKnownFileType = sourcecode.swift; path = "ConstraintView+Extensions.swift"; sourceTree = "<group>"; };
		871B71892249FD8800479E2A /* ConstraintItem.swift */ = {isa = PBXFileReference; fileEncoding = 4; lastKnownFileType = sourcecode.swift; path = ConstraintItem.swift; sourceTree = "<group>"; };
		871B718A2249FD8800479E2A /* Constraint.swift */ = {isa = PBXFileReference; fileEncoding = 4; lastKnownFileType = sourcecode.swift; path = Constraint.swift; sourceTree = "<group>"; };
		871B718B2249FD8800479E2A /* Debugging.swift */ = {isa = PBXFileReference; fileEncoding = 4; lastKnownFileType = sourcecode.swift; path = Debugging.swift; sourceTree = "<group>"; };
		871B718C2249FD8800479E2A /* ConstraintRelatableTarget.swift */ = {isa = PBXFileReference; fileEncoding = 4; lastKnownFileType = sourcecode.swift; path = ConstraintRelatableTarget.swift; sourceTree = "<group>"; };
		871B718E2249FD8800479E2A /* LayoutConstraint.swift */ = {isa = PBXFileReference; fileEncoding = 4; lastKnownFileType = sourcecode.swift; path = LayoutConstraint.swift; sourceTree = "<group>"; };
		871B718F2249FD8800479E2A /* ConstraintLayoutGuide+Extensions.swift */ = {isa = PBXFileReference; fileEncoding = 4; lastKnownFileType = sourcecode.swift; path = "ConstraintLayoutGuide+Extensions.swift"; sourceTree = "<group>"; };
		871B71902249FD8800479E2A /* ConstraintLayoutSupportDSL.swift */ = {isa = PBXFileReference; fileEncoding = 4; lastKnownFileType = sourcecode.swift; path = ConstraintLayoutSupportDSL.swift; sourceTree = "<group>"; };
		871B71912249FD8800479E2A /* ConstraintMakerRelatable.swift */ = {isa = PBXFileReference; fileEncoding = 4; lastKnownFileType = sourcecode.swift; path = ConstraintMakerRelatable.swift; sourceTree = "<group>"; };
		871B71922249FD8800479E2A /* SnapKit.xcodeproj */ = {isa = PBXFileReference; lastKnownFileType = "wrapper.pb-project"; path = SnapKit.xcodeproj; sourceTree = "<group>"; };
		877821A3226F2ED400CC48E9 /* StoreTool.swift */ = {isa = PBXFileReference; lastKnownFileType = sourcecode.swift; path = StoreTool.swift; sourceTree = "<group>"; };
		87C3614B225F27C9000570AF /* 嚒嚒爱情相随.ttf */ = {isa = PBXFileReference; lastKnownFileType = file; path = "嚒嚒爱情相随.ttf"; sourceTree = "<group>"; };
		87C36156225F2DD7000570AF /* PangMenZhengDaoCuShuTi-2.ttf */ = {isa = PBXFileReference; lastKnownFileType = file; path = "PangMenZhengDaoCuShuTi-2.ttf"; sourceTree = "<group>"; };
		87C3615C225F31F9000570AF /* CycleScrollView.swift */ = {isa = PBXFileReference; lastKnownFileType = sourcecode.swift; path = CycleScrollView.swift; sourceTree = "<group>"; };
		87F874A622646EC000ED9ED7 /* HanYiXingYuTiJian.ttf */ = {isa = PBXFileReference; lastKnownFileType = file; path = HanYiXingYuTiJian.ttf; sourceTree = "<group>"; };
		87F874B52264714400ED9ED7 /* HYSunWanMinCaoShuF.ttf */ = {isa = PBXFileReference; lastKnownFileType = file; path = HYSunWanMinCaoShuF.ttf; sourceTree = "<group>"; };
		87F874B72264731C00ED9ED7 /* zh-Hans */ = {isa = PBXFileReference; lastKnownFileType = text.plist.strings; name = "zh-Hans"; path = "zh-Hans.lproj/Main.strings"; sourceTree = "<group>"; };
		87F874B82264731D00ED9ED7 /* zh-Hans */ = {isa = PBXFileReference; lastKnownFileType = text.plist.strings; name = "zh-Hans"; path = "zh-Hans.lproj/LaunchScreen.strings"; sourceTree = "<group>"; };
		87F874BC226473D500ED9ED7 /* en */ = {isa = PBXFileReference; lastKnownFileType = text.plist.strings; name = en; path = en.lproj/Localizable.strings; sourceTree = "<group>"; };
		87F874BE226473DB00ED9ED7 /* zh-Hans */ = {isa = PBXFileReference; lastKnownFileType = text.plist.strings; name = "zh-Hans"; path = "zh-Hans.lproj/Localizable.strings"; sourceTree = "<group>"; };
		87F874C5226474CF00ED9ED7 /* en */ = {isa = PBXFileReference; lastKnownFileType = text.plist.strings; name = en; path = en.lproj/InfoPlist.strings; sourceTree = "<group>"; };
		87F874C7226474D000ED9ED7 /* zh-Hans */ = {isa = PBXFileReference; lastKnownFileType = text.plist.strings; name = "zh-Hans"; path = "zh-Hans.lproj/InfoPlist.strings"; sourceTree = "<group>"; };
		87F874C9226475F300ED9ED7 /* zh-Hant */ = {isa = PBXFileReference; lastKnownFileType = text.plist.strings; name = "zh-Hant"; path = "zh-Hant.lproj/Main.strings"; sourceTree = "<group>"; };
		87F874CA226475F300ED9ED7 /* zh-Hant */ = {isa = PBXFileReference; lastKnownFileType = text.plist.strings; name = "zh-Hant"; path = "zh-Hant.lproj/LaunchScreen.strings"; sourceTree = "<group>"; };
		87F874CB226475F300ED9ED7 /* zh-Hant */ = {isa = PBXFileReference; lastKnownFileType = text.plist.strings; name = "zh-Hant"; path = "zh-Hant.lproj/Localizable.strings"; sourceTree = "<group>"; };
		87F874CC226475F300ED9ED7 /* zh-Hant */ = {isa = PBXFileReference; lastKnownFileType = text.plist.strings; name = "zh-Hant"; path = "zh-Hant.lproj/InfoPlist.strings"; sourceTree = "<group>"; };
		C5E73CF93B2B9AA78644C939 /* Pods-MyGame.release.xcconfig */ = {isa = PBXFileReference; includeInIndex = 1; lastKnownFileType = text.xcconfig; name = "Pods-MyGame.release.xcconfig"; path = "Target Support Files/Pods-MyGame/Pods-MyGame.release.xcconfig"; sourceTree = "<group>"; };
/* End PBXFileReference section */

/* Begin PBXFrameworksBuildPhase section */
		87023BF32240C98C004700A9 /* Frameworks */ = {
			isa = PBXFrameworksBuildPhase;
			buildActionMask = 2147483647;
			files = (
				871944212268840B0083AF12 /* UserNotificationsUI.framework in Frameworks */,
				8719441F226884050083AF12 /* UserNotifications.framework in Frameworks */,
				C98571AE85D31A9D5A56DD38 /* Pods_MyGame.framework in Frameworks */,
			);
			runOnlyForDeploymentPostprocessing = 0;
		};
/* End PBXFrameworksBuildPhase section */

/* Begin PBXGroup section */
		2C9C192394E241081069BE6E /* Frameworks */ = {
			isa = PBXGroup;
			children = (
				871944202268840B0083AF12 /* UserNotificationsUI.framework */,
				8719441C226884050083AF12 /* UserNotifications.framework */,
				33D2A7124E5202130DE9F7FD /* Pods_MyGame.framework */,
			);
			name = Frameworks;
			sourceTree = "<group>";
		};
		87023BED2240C98C004700A9 = {
			isa = PBXGroup;
			children = (
				87023BF82240C98C004700A9 /* MyGame */,
				87023BF72240C98C004700A9 /* Products */,
				CE33E67F75F16B9A283BE859 /* Pods */,
				2C9C192394E241081069BE6E /* Frameworks */,
			);
			sourceTree = "<group>";
		};
		87023BF72240C98C004700A9 /* Products */ = {
			isa = PBXGroup;
			children = (
				87023BF62240C98C004700A9 /* MyGame.app */,
			);
			name = Products;
			sourceTree = "<group>";
		};
		87023BF82240C98C004700A9 /* MyGame */ = {
			isa = PBXGroup;
			children = (
				871944102268798A0083AF12 /* MyGame.entitlements */,
				87023BF92240C98C004700A9 /* AppDelegate.swift */,
				87023BFB2240C98C004700A9 /* ViewController.swift */,
				87C3615C225F31F9000570AF /* CycleScrollView.swift */,
				30FDC4172246696C00DC8A31 /* ConfigView.swift */,
				30FDC419224669B300DC8A31 /* Config.swift */,
				877821B022704EDC00CC48E9 /* Tool */,
				8719441322687DCE0083AF12 /* MyGame-bridging-Header.h */,
				87F874BD226473D500ED9ED7 /* Localizable.strings */,
				87F874C6226474CF00ED9ED7 /* InfoPlist.strings */,
				87C3615B225F2E16000570AF /* FontSourse */,
				871B716C2249FD8800479E2A /* SnapKit */,
				87023C0B2240F9CE004700A9 /* Extension */,
				87023BFD2240C98C004700A9 /* Main.storyboard */,
				87023C002240C98D004700A9 /* Assets.xcassets */,
				87023C022240C98D004700A9 /* LaunchScreen.storyboard */,
				87023C052240C98D004700A9 /* Info.plist */,
			);
			path = MyGame;
			sourceTree = "<group>";
		};
		87023C0B2240F9CE004700A9 /* Extension */ = {
			isa = PBXGroup;
			children = (
				87023C0C2240FA64004700A9 /* StringExtension.swift */,
			);
			path = Extension;
			sourceTree = "<group>";
		};
		871B716C2249FD8800479E2A /* SnapKit */ = {
			isa = PBXGroup;
			children = (
				871B716D2249FD8800479E2A /* Source */,
				871B71922249FD8800479E2A /* SnapKit.xcodeproj */,
			);
			path = SnapKit;
			sourceTree = "<group>";
		};
		871B716D2249FD8800479E2A /* Source */ = {
			isa = PBXGroup;
			children = (
				871B716E2249FD8800479E2A /* ConstraintMultiplierTarget.swift */,
				871B716F2249FD8800479E2A /* LayoutConstraintItem.swift */,
				871B71702249FD8800479E2A /* ConstraintDescription.swift */,
				871B71712249FD8800479E2A /* ConstraintMakerPriortizable.swift */,
				871B71722249FD8800479E2A /* ConstraintAttributes.swift */,
				871B71732249FD8800479E2A /* ConstraintViewDSL.swift */,
				871B71742249FD8800479E2A /* ConstraintPriorityTarget.swift */,
				871B71752249FD8800479E2A /* ConstraintInsets.swift */,
				871B71762249FD8800479E2A /* ConstraintMakerFinalizable.swift */,
				871B71772249FD8800479E2A /* ConstraintDSL.swift */,
				871B71782249FD8800479E2A /* ConstraintMakerExtendable.swift */,
				871B71792249FD8800479E2A /* ConstraintPriority.swift */,
				871B717A2249FD8800479E2A /* ConstraintInsetTarget.swift */,
				871B717B2249FD8800479E2A /* SnapKit.h */,
				871B717C2249FD8800479E2A /* ConstraintConfig.swift */,
				871B717D2249FD8800479E2A /* UILayoutSupport+Extensions.swift */,
				871B717E2249FD8800479E2A /* ConstraintView.swift */,
				871B717F2249FD8800479E2A /* ConstraintLayoutGuide.swift */,
				871B71802249FD8800479E2A /* ConstraintLayoutSupport.swift */,
				871B71812249FD8800479E2A /* Typealiases.swift */,
				871B71822249FD8800479E2A /* ConstraintConstantTarget.swift */,
				871B71832249FD8800479E2A /* ConstraintOffsetTarget.swift */,
				871B71842249FD8800479E2A /* ConstraintMakerEditable.swift */,
				871B71852249FD8800479E2A /* ConstraintMaker.swift */,
				871B71862249FD8800479E2A /* ConstraintRelation.swift */,
				871B71872249FD8800479E2A /* ConstraintLayoutGuideDSL.swift */,
				871B71882249FD8800479E2A /* ConstraintView+Extensions.swift */,
				871B71892249FD8800479E2A /* ConstraintItem.swift */,
				871B718A2249FD8800479E2A /* Constraint.swift */,
				871B718B2249FD8800479E2A /* Debugging.swift */,
				871B718C2249FD8800479E2A /* ConstraintRelatableTarget.swift */,
				871B718E2249FD8800479E2A /* LayoutConstraint.swift */,
				871B718F2249FD8800479E2A /* ConstraintLayoutGuide+Extensions.swift */,
				871B71902249FD8800479E2A /* ConstraintLayoutSupportDSL.swift */,
				871B71912249FD8800479E2A /* ConstraintMakerRelatable.swift */,
			);
			path = Source;
			sourceTree = "<group>";
		};
		871B71932249FD8800479E2A /* Products */ = {
			isa = PBXGroup;
			children = (
				871B71C42249FE7500479E2A /* SnapKit.framework */,
				871B71C62249FE7500479E2A /* SnapKit Tests.xctest */,
			);
			name = Products;
			sourceTree = "<group>";
		};
		877821B022704EDC00CC48E9 /* Tool */ = {
			isa = PBXGroup;
			children = (
				877821A3226F2ED400CC48E9 /* StoreTool.swift */,
				8719441122687C5D0083AF12 /* XGPushTool.swift */,
				87194404226856130083AF12 /* AdmobTool.swift */,
			);
			path = Tool;
			sourceTree = "<group>";
		};
		87C3615B225F2E16000570AF /* FontSourse */ = {
			isa = PBXGroup;
			children = (
				87C3614B225F27C9000570AF /* 嚒嚒爱情相随.ttf */,
				87C36156225F2DD7000570AF /* PangMenZhengDaoCuShuTi-2.ttf */,
				87F874A622646EC000ED9ED7 /* HanYiXingYuTiJian.ttf */,
				87F874B52264714400ED9ED7 /* HYSunWanMinCaoShuF.ttf */,
			);
			path = FontSourse;
			sourceTree = "<group>";
		};
		CE33E67F75F16B9A283BE859 /* Pods */ = {
			isa = PBXGroup;
			children = (
				701A75718FD286E92ACB7FED /* Pods-MyGame.debug.xcconfig */,
				C5E73CF93B2B9AA78644C939 /* Pods-MyGame.release.xcconfig */,
			);
			path = Pods;
			sourceTree = "<group>";
		};
/* End PBXGroup section */

/* Begin PBXNativeTarget section */
		87023BF52240C98C004700A9 /* MyGame */ = {
			isa = PBXNativeTarget;
			buildConfigurationList = 87023C082240C98D004700A9 /* Build configuration list for PBXNativeTarget "MyGame" */;
			buildPhases = (
				9DD9C1F40B9EA88D9D1B1E60 /* [CP] Check Pods Manifest.lock */,
				87023BF22240C98C004700A9 /* Sources */,
				87023BF32240C98C004700A9 /* Frameworks */,
				87023BF42240C98C004700A9 /* Resources */,
				CCE9F99415DEF027FE7F5028 /* [CP] Embed Pods Frameworks */,
			);
			buildRules = (
			);
			dependencies = (
			);
			name = MyGame;
			productName = MyGame;
			productReference = 87023BF62240C98C004700A9 /* MyGame.app */;
			productType = "com.apple.product-type.application";
		};
/* End PBXNativeTarget section */

/* Begin PBXProject section */
		87023BEE2240C98C004700A9 /* Project object */ = {
			isa = PBXProject;
			attributes = {
				LastSwiftUpdateCheck = 1010;
				LastUpgradeCheck = 1010;
				ORGANIZATIONNAME = Game;
				TargetAttributes = {
					87023BF52240C98C004700A9 = {
						CreatedOnToolsVersion = 10.1;
						SystemCapabilities = {
							com.apple.BackgroundModes = {
								enabled = 1;
							};
							com.apple.Push = {
								enabled = 1;
							};
						};
					};
				};
			};
			buildConfigurationList = 87023BF12240C98C004700A9 /* Build configuration list for PBXProject "MyGame" */;
			compatibilityVersion = "Xcode 9.3";
			developmentRegion = en;
			hasScannedForEncodings = 0;
			knownRegions = (
				en,
				Base,
				"zh-Hans",
				"zh-Hant",
			);
			mainGroup = 87023BED2240C98C004700A9;
			productRefGroup = 87023BF72240C98C004700A9 /* Products */;
			projectDirPath = "";
			projectReferences = (
				{
					ProductGroup = 871B71932249FD8800479E2A /* Products */;
					ProjectRef = 871B71922249FD8800479E2A /* SnapKit.xcodeproj */;
				},
			);
			projectRoot = "";
			targets = (
				87023BF52240C98C004700A9 /* MyGame */,
			);
		};
/* End PBXProject section */

/* Begin PBXReferenceProxy section */
		871B71C42249FE7500479E2A /* SnapKit.framework */ = {
			isa = PBXReferenceProxy;
			fileType = wrapper.framework;
			path = SnapKit.framework;
			remoteRef = 871B71C32249FE7500479E2A /* PBXContainerItemProxy */;
			sourceTree = BUILT_PRODUCTS_DIR;
		};
		871B71C62249FE7500479E2A /* SnapKit Tests.xctest */ = {
			isa = PBXReferenceProxy;
			fileType = wrapper.cfbundle;
			path = "SnapKit Tests.xctest";
			remoteRef = 871B71C52249FE7500479E2A /* PBXContainerItemProxy */;
			sourceTree = BUILT_PRODUCTS_DIR;
		};
/* End PBXReferenceProxy section */

/* Begin PBXResourcesBuildPhase section */
		87023BF42240C98C004700A9 /* Resources */ = {
			isa = PBXResourcesBuildPhase;
			buildActionMask = 2147483647;
			files = (
				87023C042240C98D004700A9 /* LaunchScreen.storyboard in Resources */,
				87023C012240C98D004700A9 /* Assets.xcassets in Resources */,
				87023BFF2240C98C004700A9 /* Main.storyboard in Resources */,
				87F874BB226473D500ED9ED7 /* Localizable.strings in Resources */,
				87F874B62264714400ED9ED7 /* HYSunWanMinCaoShuF.ttf in Resources */,
				87C36159225F2DD7000570AF /* PangMenZhengDaoCuShuTi-2.ttf in Resources */,
				87F874A922646EC000ED9ED7 /* HanYiXingYuTiJian.ttf in Resources */,
				87C3614E225F27C9000570AF /* 嚒嚒爱情相随.ttf in Resources */,
				87F874C4226474CF00ED9ED7 /* InfoPlist.strings in Resources */,
			);
			runOnlyForDeploymentPostprocessing = 0;
		};
/* End PBXResourcesBuildPhase section */

/* Begin PBXShellScriptBuildPhase section */
		9DD9C1F40B9EA88D9D1B1E60 /* [CP] Check Pods Manifest.lock */ = {
			isa = PBXShellScriptBuildPhase;
			buildActionMask = 2147483647;
			files = (
			);
			inputFileListPaths = (
			);
			inputPaths = (
				"${PODS_PODFILE_DIR_PATH}/Podfile.lock",
				"${PODS_ROOT}/Manifest.lock",
			);
			name = "[CP] Check Pods Manifest.lock";
			outputFileListPaths = (
			);
			outputPaths = (
				"$(DERIVED_FILE_DIR)/Pods-MyGame-checkManifestLockResult.txt",
			);
			runOnlyForDeploymentPostprocessing = 0;
			shellPath = /bin/sh;
			shellScript = "diff \"${PODS_PODFILE_DIR_PATH}/Podfile.lock\" \"${PODS_ROOT}/Manifest.lock\" > /dev/null\nif [ $? != 0 ] ; then\n    # print error to STDERR\n    echo \"error: The sandbox is not in sync with the Podfile.lock. Run 'pod install' or update your CocoaPods installation.\" >&2\n    exit 1\nfi\n# This output is used by Xcode 'outputs' to avoid re-running this script phase.\necho \"SUCCESS\" > \"${SCRIPT_OUTPUT_FILE_0}\"\n";
			showEnvVarsInLog = 0;
		};
		CCE9F99415DEF027FE7F5028 /* [CP] Embed Pods Frameworks */ = {
			isa = PBXShellScriptBuildPhase;
			buildActionMask = 2147483647;
			files = (
			);
			inputFileListPaths = (
			);
			inputPaths = (
				"${PODS_ROOT}/Target Support Files/Pods-MyGame/Pods-MyGame-frameworks.sh",
				"${BUILT_PRODUCTS_DIR}/GoogleUtilities/GoogleUtilities.framework",
				"${BUILT_PRODUCTS_DIR}/nanopb/nanopb.framework",
			);
			name = "[CP] Embed Pods Frameworks";
			outputFileListPaths = (
			);
			outputPaths = (
				"${TARGET_BUILD_DIR}/${FRAMEWORKS_FOLDER_PATH}/GoogleUtilities.framework",
				"${TARGET_BUILD_DIR}/${FRAMEWORKS_FOLDER_PATH}/nanopb.framework",
			);
			runOnlyForDeploymentPostprocessing = 0;
			shellPath = /bin/sh;
			shellScript = "\"${PODS_ROOT}/Target Support Files/Pods-MyGame/Pods-MyGame-frameworks.sh\"\n";
			showEnvVarsInLog = 0;
		};
/* End PBXShellScriptBuildPhase section */

/* Begin PBXSourcesBuildPhase section */
		87023BF22240C98C004700A9 /* Sources */ = {
			isa = PBXSourcesBuildPhase;
			buildActionMask = 2147483647;
			files = (
				871B71AA2249FD8900479E2A /* ConstraintView.swift in Sources */,
				871B71BD2249FD8900479E2A /* ConstraintMakerRelatable.swift in Sources */,
				871B71B62249FD8900479E2A /* Constraint.swift in Sources */,
				8719441222687C5D0083AF12 /* XGPushTool.swift in Sources */,
				871B71B12249FD8900479E2A /* ConstraintMaker.swift in Sources */,
				871B71AD2249FD8900479E2A /* Typealiases.swift in Sources */,
				30FDC4182246696C00DC8A31 /* ConfigView.swift in Sources */,
				87023BFC2240C98C004700A9 /* ViewController.swift in Sources */,
				30FDC41A224669B300DC8A31 /* Config.swift in Sources */,
				871B719F2249FD8900479E2A /* ConstraintAttributes.swift in Sources */,
				871B71B02249FD8900479E2A /* ConstraintMakerEditable.swift in Sources */,
				871B71A72249FD8900479E2A /* ConstraintInsetTarget.swift in Sources */,
				871B71A02249FD8900479E2A /* ConstraintViewDSL.swift in Sources */,
				871B71A42249FD8900479E2A /* ConstraintDSL.swift in Sources */,
				871B71AF2249FD8900479E2A /* ConstraintOffsetTarget.swift in Sources */,
				871B71B32249FD8900479E2A /* ConstraintLayoutGuideDSL.swift in Sources */,
				871B719E2249FD8900479E2A /* ConstraintMakerPriortizable.swift in Sources */,
				871B71A62249FD8900479E2A /* ConstraintPriority.swift in Sources */,
				871B71A32249FD8900479E2A /* ConstraintMakerFinalizable.swift in Sources */,
				871B71B22249FD8900479E2A /* ConstraintRelation.swift in Sources */,
				871B719B2249FD8900479E2A /* ConstraintMultiplierTarget.swift in Sources */,
				87023BFA2240C98C004700A9 /* AppDelegate.swift in Sources */,
				87023C0D2240FA64004700A9 /* StringExtension.swift in Sources */,
				871B71B72249FD8900479E2A /* Debugging.swift in Sources */,
				871B71B42249FD8900479E2A /* ConstraintView+Extensions.swift in Sources */,
				87194407226856130083AF12 /* AdmobTool.swift in Sources */,
				877821A4226F2ED400CC48E9 /* StoreTool.swift in Sources */,
				871B719C2249FD8900479E2A /* LayoutConstraintItem.swift in Sources */,
				871B71AC2249FD8900479E2A /* ConstraintLayoutSupport.swift in Sources */,
				87C3615D225F31F9000570AF /* CycleScrollView.swift in Sources */,
				871B71A92249FD8900479E2A /* UILayoutSupport+Extensions.swift in Sources */,
				871B71A12249FD8900479E2A /* ConstraintPriorityTarget.swift in Sources */,
				871B71B52249FD8900479E2A /* ConstraintItem.swift in Sources */,
				871B71BB2249FD8900479E2A /* ConstraintLayoutGuide+Extensions.swift in Sources */,
				871B71AB2249FD8900479E2A /* ConstraintLayoutGuide.swift in Sources */,
				871B71A82249FD8900479E2A /* ConstraintConfig.swift in Sources */,
				871B71BA2249FD8900479E2A /* LayoutConstraint.swift in Sources */,
				871B71A22249FD8900479E2A /* ConstraintInsets.swift in Sources */,
				871B71AE2249FD8900479E2A /* ConstraintConstantTarget.swift in Sources */,
				871B71BC2249FD8900479E2A /* ConstraintLayoutSupportDSL.swift in Sources */,
				871B71A52249FD8900479E2A /* ConstraintMakerExtendable.swift in Sources */,
				871B71B82249FD8900479E2A /* ConstraintRelatableTarget.swift in Sources */,
				871B719D2249FD8900479E2A /* ConstraintDescription.swift in Sources */,
			);
			runOnlyForDeploymentPostprocessing = 0;
		};
/* End PBXSourcesBuildPhase section */

/* Begin PBXVariantGroup section */
		87023BFD2240C98C004700A9 /* Main.storyboard */ = {
			isa = PBXVariantGroup;
			children = (
				87023BFE2240C98C004700A9 /* Base */,
				87F874B72264731C00ED9ED7 /* zh-Hans */,
				87F874C9226475F300ED9ED7 /* zh-Hant */,
			);
			name = Main.storyboard;
			sourceTree = "<group>";
		};
		87023C022240C98D004700A9 /* LaunchScreen.storyboard */ = {
			isa = PBXVariantGroup;
			children = (
				87023C032240C98D004700A9 /* Base */,
				87F874B82264731D00ED9ED7 /* zh-Hans */,
				87F874CA226475F300ED9ED7 /* zh-Hant */,
			);
			name = LaunchScreen.storyboard;
			sourceTree = "<group>";
		};
		87F874BD226473D500ED9ED7 /* Localizable.strings */ = {
			isa = PBXVariantGroup;
			children = (
				87F874BC226473D500ED9ED7 /* en */,
				87F874BE226473DB00ED9ED7 /* zh-Hans */,
				87F874CB226475F300ED9ED7 /* zh-Hant */,
			);
			name = Localizable.strings;
			sourceTree = "<group>";
		};
		87F874C6226474CF00ED9ED7 /* InfoPlist.strings */ = {
			isa = PBXVariantGroup;
			children = (
				87F874C5226474CF00ED9ED7 /* en */,
				87F874C7226474D000ED9ED7 /* zh-Hans */,
				87F874CC226475F300ED9ED7 /* zh-Hant */,
			);
			name = InfoPlist.strings;
			sourceTree = "<group>";
		};
/* End PBXVariantGroup section */

/* Begin XCBuildConfiguration section */
		87023C062240C98D004700A9 /* Debug */ = {
			isa = XCBuildConfiguration;
			buildSettings = {
				ALWAYS_SEARCH_USER_PATHS = NO;
				CLANG_ANALYZER_LOCALIZABILITY_NONLOCALIZED = YES;
				CLANG_ANALYZER_NONNULL = YES;
				CLANG_ANALYZER_NUMBER_OBJECT_CONVERSION = YES_AGGRESSIVE;
				CLANG_CXX_LANGUAGE_STANDARD = "gnu++14";
				CLANG_CXX_LIBRARY = "libc++";
				CLANG_ENABLE_MODULES = YES;
				CLANG_ENABLE_OBJC_ARC = YES;
				CLANG_ENABLE_OBJC_WEAK = YES;
				CLANG_WARN_BLOCK_CAPTURE_AUTORELEASING = YES;
				CLANG_WARN_BOOL_CONVERSION = YES;
				CLANG_WARN_COMMA = YES;
				CLANG_WARN_CONSTANT_CONVERSION = YES;
				CLANG_WARN_DEPRECATED_OBJC_IMPLEMENTATIONS = YES;
				CLANG_WARN_DIRECT_OBJC_ISA_USAGE = YES_ERROR;
				CLANG_WARN_DOCUMENTATION_COMMENTS = YES;
				CLANG_WARN_EMPTY_BODY = YES;
				CLANG_WARN_ENUM_CONVERSION = YES;
				CLANG_WARN_INFINITE_RECURSION = YES;
				CLANG_WARN_INT_CONVERSION = YES;
				CLANG_WARN_NON_LITERAL_NULL_CONVERSION = YES;
				CLANG_WARN_OBJC_IMPLICIT_RETAIN_SELF = YES;
				CLANG_WARN_OBJC_LITERAL_CONVERSION = YES;
				CLANG_WARN_OBJC_ROOT_CLASS = YES_ERROR;
				CLANG_WARN_RANGE_LOOP_ANALYSIS = YES;
				CLANG_WARN_STRICT_PROTOTYPES = YES;
				CLANG_WARN_SUSPICIOUS_MOVE = YES;
				CLANG_WARN_UNGUARDED_AVAILABILITY = YES_AGGRESSIVE;
				CLANG_WARN_UNREACHABLE_CODE = YES;
				CLANG_WARN__DUPLICATE_METHOD_MATCH = YES;
				CODE_SIGN_IDENTITY = "iPhone Developer";
				COPY_PHASE_STRIP = NO;
				DEBUG_INFORMATION_FORMAT = dwarf;
				ENABLE_STRICT_OBJC_MSGSEND = YES;
				ENABLE_TESTABILITY = YES;
				GCC_C_LANGUAGE_STANDARD = gnu11;
				GCC_DYNAMIC_NO_PIC = NO;
				GCC_NO_COMMON_BLOCKS = YES;
				GCC_OPTIMIZATION_LEVEL = 0;
				GCC_PREPROCESSOR_DEFINITIONS = (
					"DEBUG=1",
					"$(inherited)",
				);
				GCC_WARN_64_TO_32_BIT_CONVERSION = YES;
				GCC_WARN_ABOUT_RETURN_TYPE = YES_ERROR;
				GCC_WARN_UNDECLARED_SELECTOR = YES;
				GCC_WARN_UNINITIALIZED_AUTOS = YES_AGGRESSIVE;
				GCC_WARN_UNUSED_FUNCTION = YES;
				GCC_WARN_UNUSED_VARIABLE = YES;
				IPHONEOS_DEPLOYMENT_TARGET = 12.1;
				MTL_ENABLE_DEBUG_INFO = INCLUDE_SOURCE;
				MTL_FAST_MATH = YES;
				ONLY_ACTIVE_ARCH = YES;
				SDKROOT = iphoneos;
				SWIFT_ACTIVE_COMPILATION_CONDITIONS = DEBUG;
				SWIFT_OPTIMIZATION_LEVEL = "-Onone";
			};
			name = Debug;
		};
		87023C072240C98D004700A9 /* Release */ = {
			isa = XCBuildConfiguration;
			buildSettings = {
				ALWAYS_SEARCH_USER_PATHS = NO;
				CLANG_ANALYZER_LOCALIZABILITY_NONLOCALIZED = YES;
				CLANG_ANALYZER_NONNULL = YES;
				CLANG_ANALYZER_NUMBER_OBJECT_CONVERSION = YES_AGGRESSIVE;
				CLANG_CXX_LANGUAGE_STANDARD = "gnu++14";
				CLANG_CXX_LIBRARY = "libc++";
				CLANG_ENABLE_MODULES = YES;
				CLANG_ENABLE_OBJC_ARC = YES;
				CLANG_ENABLE_OBJC_WEAK = YES;
				CLANG_WARN_BLOCK_CAPTURE_AUTORELEASING = YES;
				CLANG_WARN_BOOL_CONVERSION = YES;
				CLANG_WARN_COMMA = YES;
				CLANG_WARN_CONSTANT_CONVERSION = YES;
				CLANG_WARN_DEPRECATED_OBJC_IMPLEMENTATIONS = YES;
				CLANG_WARN_DIRECT_OBJC_ISA_USAGE = YES_ERROR;
				CLANG_WARN_DOCUMENTATION_COMMENTS = YES;
				CLANG_WARN_EMPTY_BODY = YES;
				CLANG_WARN_ENUM_CONVERSION = YES;
				CLANG_WARN_INFINITE_RECURSION = YES;
				CLANG_WARN_INT_CONVERSION = YES;
				CLANG_WARN_NON_LITERAL_NULL_CONVERSION = YES;
				CLANG_WARN_OBJC_IMPLICIT_RETAIN_SELF = YES;
				CLANG_WARN_OBJC_LITERAL_CONVERSION = YES;
				CLANG_WARN_OBJC_ROOT_CLASS = YES_ERROR;
				CLANG_WARN_RANGE_LOOP_ANALYSIS = YES;
				CLANG_WARN_STRICT_PROTOTYPES = YES;
				CLANG_WARN_SUSPICIOUS_MOVE = YES;
				CLANG_WARN_UNGUARDED_AVAILABILITY = YES_AGGRESSIVE;
				CLANG_WARN_UNREACHABLE_CODE = YES;
				CLANG_WARN__DUPLICATE_METHOD_MATCH = YES;
				CODE_SIGN_IDENTITY = "iPhone Developer";
				COPY_PHASE_STRIP = NO;
				DEBUG_INFORMATION_FORMAT = "dwarf-with-dsym";
				ENABLE_NS_ASSERTIONS = NO;
				ENABLE_STRICT_OBJC_MSGSEND = YES;
				GCC_C_LANGUAGE_STANDARD = gnu11;
				GCC_NO_COMMON_BLOCKS = YES;
				GCC_WARN_64_TO_32_BIT_CONVERSION = YES;
				GCC_WARN_ABOUT_RETURN_TYPE = YES_ERROR;
				GCC_WARN_UNDECLARED_SELECTOR = YES;
				GCC_WARN_UNINITIALIZED_AUTOS = YES_AGGRESSIVE;
				GCC_WARN_UNUSED_FUNCTION = YES;
				GCC_WARN_UNUSED_VARIABLE = YES;
				IPHONEOS_DEPLOYMENT_TARGET = 12.1;
				MTL_ENABLE_DEBUG_INFO = NO;
				MTL_FAST_MATH = YES;
				SDKROOT = iphoneos;
				SWIFT_COMPILATION_MODE = wholemodule;
				SWIFT_OPTIMIZATION_LEVEL = "-O";
				VALIDATE_PRODUCT = YES;
			};
			name = Release;
		};
		87023C092240C98D004700A9 /* Debug */ = {
			isa = XCBuildConfiguration;
			baseConfigurationReference = 701A75718FD286E92ACB7FED /* Pods-MyGame.debug.xcconfig */;
			buildSettings = {
				ASSETCATALOG_COMPILER_APPICON_NAME = AppIcon;
				CODE_SIGN_ENTITLEMENTS = MyGame/MyGame.entitlements;
				CODE_SIGN_IDENTITY = "iPhone Developer";
				CODE_SIGN_STYLE = Automatic;
				DEVELOPMENT_TEAM = 4TMTASLZ9D;
				INFOPLIST_FILE = MyGame/Info.plist;
				IPHONEOS_DEPLOYMENT_TARGET = 10.0;
				LD_RUNPATH_SEARCH_PATHS = (
					"$(inherited)",
					"@executable_path/Frameworks",
				);
				PRODUCT_BUNDLE_IDENTIFIER = com.dym.billboard;
				PRODUCT_NAME = "$(TARGET_NAME)";
				PROVISIONING_PROFILE_SPECIFIER = "";
				SWIFT_OBJC_BRIDGING_HEADER = "$(SRCROOT)/MyGame/MyGame-bridging-Header.h";
				SWIFT_VERSION = 4.2;
				TARGETED_DEVICE_FAMILY = "1,2";
			};
			name = Debug;
		};
		87023C0A2240C98D004700A9 /* Release */ = {
			isa = XCBuildConfiguration;
			baseConfigurationReference = C5E73CF93B2B9AA78644C939 /* Pods-MyGame.release.xcconfig */;
			buildSettings = {
				ASSETCATALOG_COMPILER_APPICON_NAME = AppIcon;
				CODE_SIGN_ENTITLEMENTS = MyGame/MyGame.entitlements;
				CODE_SIGN_IDENTITY = "iPhone Developer";
				CODE_SIGN_STYLE = Automatic;
				DEVELOPMENT_TEAM = 4TMTASLZ9D;
				INFOPLIST_FILE = MyGame/Info.plist;
				IPHONEOS_DEPLOYMENT_TARGET = 10.0;
				LD_RUNPATH_SEARCH_PATHS = (
					"$(inherited)",
					"@executable_path/Frameworks",
				);
				PRODUCT_BUNDLE_IDENTIFIER = com.dym.billboard;
				PRODUCT_NAME = "$(TARGET_NAME)";
				PROVISIONING_PROFILE_SPECIFIER = "";
				SWIFT_OBJC_BRIDGING_HEADER = "$(SRCROOT)/MyGame/MyGame-bridging-Header.h";
				SWIFT_VERSION = 4.2;
				TARGETED_DEVICE_FAMILY = "1,2";
			};
			name = Release;
		};
/* End XCBuildConfiguration section */

/* Begin XCConfigurationList section */
		87023BF12240C98C004700A9 /* Build configuration list for PBXProject "MyGame" */ = {
			isa = XCConfigurationList;
			buildConfigurations = (
				87023C062240C98D004700A9 /* Debug */,
				87023C072240C98D004700A9 /* Release */,
			);
			defaultConfigurationIsVisible = 0;
			defaultConfigurationName = Release;
		};
		87023C082240C98D004700A9 /* Build configuration list for PBXNativeTarget "MyGame" */ = {
			isa = XCConfigurationList;
			buildConfigurations = (
				87023C092240C98D004700A9 /* Debug */,
				87023C0A2240C98D004700A9 /* Release */,
			);
			defaultConfigurationIsVisible = 0;
			defaultConfigurationName = Release;
		};
/* End XCConfigurationList section */
	};
	rootObject = 87023BEE2240C98C004700A9 /* Project object */;
}
